// !$*UTF8*$!
{
	archiveVersion = 1;
	classes = {
	};
	objectVersion = 46;
	objects = {

/* Begin PBXBuildFile section */
		42016A471AE02BED0046FC15 /* MainMenu.xib in Resources */ = {isa = PBXBuildFile; fileRef = 42A67D401A52DCE60094808D /* MainMenu.xib */; };
		42016A881AE19B500046FC15 /* MenuController.swift in Sources */ = {isa = PBXBuildFile; fileRef = 42016A871AE19B500046FC15 /* MenuController.swift */; };
		425D5B461A54D5D500B2230B /* ButtonColour.swift in Sources */ = {isa = PBXBuildFile; fileRef = 425D5B451A54D5D500B2230B /* ButtonColour.swift */; };
		426CDCD81A54D74F006A19A6 /* MelodyObject.swift in Sources */ = {isa = PBXBuildFile; fileRef = 426CDCD71A54D74F006A19A6 /* MelodyObject.swift */; };
		426CDCDA1A54D7B3006A19A6 /* MusicButton.swift in Sources */ = {isa = PBXBuildFile; fileRef = 426CDCD91A54D7B3006A19A6 /* MusicButton.swift */; };
		426CDCDC1A557588006A19A6 /* Images.xcassets in Resources */ = {isa = PBXBuildFile; fileRef = 426CDCDB1A557588006A19A6 /* Images.xcassets */; };
		42A67D391A52DCE50094808D /* AppDelegate.swift in Sources */ = {isa = PBXBuildFile; fileRef = 42A67D381A52DCE50094808D /* AppDelegate.swift */; };
		42A67D3B1A52DCE50094808D /* GameScene.swift in Sources */ = {isa = PBXBuildFile; fileRef = 42A67D3A1A52DCE50094808D /* GameScene.swift */; };
		42A67D3D1A52DCE50094808D /* GameScene.sks in Resources */ = {isa = PBXBuildFile; fileRef = 42A67D3C1A52DCE50094808D /* GameScene.sks */; };
		42A67D4E1A52DCE60094808D /* FinalProjectTests.swift in Sources */ = {isa = PBXBuildFile; fileRef = 42A67D4D1A52DCE60094808D /* FinalProjectTests.swift */; };
		42BED6391ADD48DA00E6F32E /* libyaml.dylib in Frameworks */ = {isa = PBXBuildFile; fileRef = 42BED6381ADD48DA00E6F32E /* libyaml.dylib */; };
		42BED63C1ADD491100E6F32E /* libyaml.dylib in CopyFiles */ = {isa = PBXBuildFile; fileRef = 42BED63B1ADD491100E6F32E /* libyaml.dylib */; settings = {ATTRIBUTES = (CodeSignOnCopy, ); }; };
		42EBB4D51A54AB980038845F /* LevelObject.swift in Sources */ = {isa = PBXBuildFile; fileRef = 42EBB4D41A54AB980038845F /* LevelObject.swift */; };
		42F1F7791ADFA4F900731127 /* UserObject.swift in Sources */ = {isa = PBXBuildFile; fileRef = 42F1F7781ADFA4F900731127 /* UserObject.swift */; };
		42F1F77E1ADFB98E00731127 /* FinalProject.xcdatamodeld in Sources */ = {isa = PBXBuildFile; fileRef = 42F1F77A1ADFB98D00731127 /* FinalProject.xcdatamodeld */; };
		42F1F79C1ADFFB9F00731127 /* User.swift in Sources */ = {isa = PBXBuildFile; fileRef = 42F1F79B1ADFFB9F00731127 /* User.swift */; };
		42F1F79E1ADFFBA000731127 /* Melody.swift in Sources */ = {isa = PBXBuildFile; fileRef = 42F1F79D1ADFFBA000731127 /* Melody.swift */; };
		42F1F7A01ADFFBA000731127 /* Mood.swift in Sources */ = {isa = PBXBuildFile; fileRef = 42F1F79F1ADFFBA000731127 /* Mood.swift */; };
		42F1F7A21ADFFBA000731127 /* Level.swift in Sources */ = {isa = PBXBuildFile; fileRef = 42F1F7A11ADFFBA000731127 /* Level.swift */; };
/* End PBXBuildFile section */

/* Begin PBXContainerItemProxy section */
		42A67D481A52DCE60094808D /* PBXContainerItemProxy */ = {
			isa = PBXContainerItemProxy;
			containerPortal = 42A67D2B1A52DCE50094808D /* Project object */;
			proxyType = 1;
			remoteGlobalIDString = 42A67D321A52DCE50094808D;
			remoteInfo = FinalProject;
		};
/* End PBXContainerItemProxy section */

/* Begin PBXCopyFilesBuildPhase section */
		42BED63A1ADD48E900E6F32E /* CopyFiles */ = {
			isa = PBXCopyFilesBuildPhase;
			buildActionMask = 2147483647;
			dstPath = "";
			dstSubfolderSpec = 6;
			files = (
				42BED63C1ADD491100E6F32E /* libyaml.dylib in CopyFiles */,
			);
			runOnlyForDeploymentPostprocessing = 0;
		};
/* End PBXCopyFilesBuildPhase section */

/* Begin PBXFileReference section */
		42016A871AE19B500046FC15 /* MenuController.swift */ = {isa = PBXFileReference; fileEncoding = 4; lastKnownFileType = sourcecode.swift; path = MenuController.swift; sourceTree = "<group>"; };
		425D5B451A54D5D500B2230B /* ButtonColour.swift */ = {isa = PBXFileReference; fileEncoding = 4; lastKnownFileType = sourcecode.swift; path = ButtonColour.swift; sourceTree = "<group>"; };
		426CDCD71A54D74F006A19A6 /* MelodyObject.swift */ = {isa = PBXFileReference; fileEncoding = 4; lastKnownFileType = sourcecode.swift; path = MelodyObject.swift; sourceTree = "<group>"; };
		426CDCD91A54D7B3006A19A6 /* MusicButton.swift */ = {isa = PBXFileReference; fileEncoding = 4; lastKnownFileType = sourcecode.swift; path = MusicButton.swift; sourceTree = "<group>"; };
		426CDCDB1A557588006A19A6 /* Images.xcassets */ = {isa = PBXFileReference; lastKnownFileType = folder.assetcatalog; path = Images.xcassets; sourceTree = "<group>"; };
		42A67D331A52DCE50094808D /* FinalProject.app */ = {isa = PBXFileReference; explicitFileType = wrapper.application; includeInIndex = 0; path = FinalProject.app; sourceTree = BUILT_PRODUCTS_DIR; };
		42A67D371A52DCE50094808D /* Info.plist */ = {isa = PBXFileReference; lastKnownFileType = text.plist.xml; path = Info.plist; sourceTree = "<group>"; };
		42A67D381A52DCE50094808D /* AppDelegate.swift */ = {isa = PBXFileReference; lastKnownFileType = sourcecode.swift; path = AppDelegate.swift; sourceTree = "<group>"; };
		42A67D3A1A52DCE50094808D /* GameScene.swift */ = {isa = PBXFileReference; lastKnownFileType = sourcecode.swift; path = GameScene.swift; sourceTree = "<group>"; };
		42A67D3C1A52DCE50094808D /* GameScene.sks */ = {isa = PBXFileReference; lastKnownFileType = file.sks; path = GameScene.sks; sourceTree = "<group>"; };
		42A67D411A52DCE60094808D /* Base */ = {isa = PBXFileReference; lastKnownFileType = file.xib; name = Base; path = Base.lproj/MainMenu.xib; sourceTree = "<group>"; };
		42A67D471A52DCE60094808D /* FinalProjectTests.xctest */ = {isa = PBXFileReference; explicitFileType = wrapper.cfbundle; includeInIndex = 0; path = FinalProjectTests.xctest; sourceTree = BUILT_PRODUCTS_DIR; };
		42A67D4C1A52DCE60094808D /* Info.plist */ = {isa = PBXFileReference; lastKnownFileType = text.plist.xml; path = Info.plist; sourceTree = "<group>"; };
		42A67D4D1A52DCE60094808D /* FinalProjectTests.swift */ = {isa = PBXFileReference; lastKnownFileType = sourcecode.swift; path = FinalProjectTests.swift; sourceTree = "<group>"; };
		42BED6381ADD48DA00E6F32E /* libyaml.dylib */ = {isa = PBXFileReference; lastKnownFileType = "compiled.mach-o.dylib"; name = libyaml.dylib; path = "FinalProject/yaml-swift.swift/build/libyaml.dylib"; sourceTree = "<group>"; };
		42BED63B1ADD491100E6F32E /* libyaml.dylib */ = {isa = PBXFileReference; lastKnownFileType = "compiled.mach-o.dylib"; name = libyaml.dylib; path = "FinalProject/yaml-swift.swift/build/libyaml.dylib"; sourceTree = "<group>"; };
		42BED63E1ADF1CE400E6F32E /* CoreData.framework */ = {isa = PBXFileReference; lastKnownFileType = wrapper.framework; name = CoreData.framework; path = System/Library/Frameworks/CoreData.framework; sourceTree = SDKROOT; };
		42EBB4D41A54AB980038845F /* LevelObject.swift */ = {isa = PBXFileReference; fileEncoding = 4; lastKnownFileType = sourcecode.swift; path = LevelObject.swift; sourceTree = "<group>"; };
		42F1F7781ADFA4F900731127 /* UserObject.swift */ = {isa = PBXFileReference; fileEncoding = 4; lastKnownFileType = sourcecode.swift; path = UserObject.swift; sourceTree = "<group>"; };
		42F1F77B1ADFB98D00731127 /* FinalProject.xcdatamodel */ = {isa = PBXFileReference; lastKnownFileType = wrapper.xcdatamodel; path = FinalProject.xcdatamodel; sourceTree = "<group>"; };
		42F1F79B1ADFFB9F00731127 /* User.swift */ = {isa = PBXFileReference; fileEncoding = 4; lastKnownFileType = sourcecode.swift; name = User.swift; path = Models/User.swift; sourceTree = "<group>"; };
		42F1F79D1ADFFBA000731127 /* Melody.swift */ = {isa = PBXFileReference; fileEncoding = 4; lastKnownFileType = sourcecode.swift; name = Melody.swift; path = Models/Melody.swift; sourceTree = "<group>"; };
		42F1F79F1ADFFBA000731127 /* Mood.swift */ = {isa = PBXFileReference; fileEncoding = 4; lastKnownFileType = sourcecode.swift; name = Mood.swift; path = Models/Mood.swift; sourceTree = "<group>"; };
		42F1F7A11ADFFBA000731127 /* Level.swift */ = {isa = PBXFileReference; fileEncoding = 4; lastKnownFileType = sourcecode.swift; name = Level.swift; path = Models/Level.swift; sourceTree = "<group>"; };
/* End PBXFileReference section */

/* Begin PBXFrameworksBuildPhase section */
		42A67D301A52DCE50094808D /* Frameworks */ = {
			isa = PBXFrameworksBuildPhase;
			buildActionMask = 2147483647;
			files = (
				42BED6391ADD48DA00E6F32E /* libyaml.dylib in Frameworks */,
			);
			runOnlyForDeploymentPostprocessing = 0;
		};
		42A67D441A52DCE60094808D /* Frameworks */ = {
			isa = PBXFrameworksBuildPhase;
			buildActionMask = 2147483647;
			files = (
			);
			runOnlyForDeploymentPostprocessing = 0;
		};
/* End PBXFrameworksBuildPhase section */

/* Begin PBXGroup section */
		42016A861AE19B230046FC15 /* Controllers */ = {
			isa = PBXGroup;
			children = (
				42016A871AE19B500046FC15 /* MenuController.swift */,
			);
			name = Controllers;
			sourceTree = "<group>";
		};
		42A67D2A1A52DCE50094808D = {
			isa = PBXGroup;
			children = (
				42BED63E1ADF1CE400E6F32E /* CoreData.framework */,
				42BED63B1ADD491100E6F32E /* libyaml.dylib */,
				42BED6381ADD48DA00E6F32E /* libyaml.dylib */,
				42A67D351A52DCE50094808D /* FinalProject */,
				42A67D4A1A52DCE60094808D /* FinalProjectTests */,
				42A67D341A52DCE50094808D /* Products */,
			);
			sourceTree = "<group>";
		};
		42A67D341A52DCE50094808D /* Products */ = {
			isa = PBXGroup;
			children = (
				42A67D331A52DCE50094808D /* FinalProject.app */,
				42A67D471A52DCE60094808D /* FinalProjectTests.xctest */,
			);
			name = Products;
			sourceTree = "<group>";
		};
		42A67D351A52DCE50094808D /* FinalProject */ = {
			isa = PBXGroup;
			children = (
				42016A861AE19B230046FC15 /* Controllers */,
				42F1F78C1ADFF28000731127 /* Models */,
				42F1F77A1ADFB98D00731127 /* FinalProject.xcdatamodeld */,
				42A67D381A52DCE50094808D /* AppDelegate.swift */,
				42A67D3A1A52DCE50094808D /* GameScene.swift */,
				425D5B451A54D5D500B2230B /* ButtonColour.swift */,
				426CDCD91A54D7B3006A19A6 /* MusicButton.swift */,
				42EBB4D41A54AB980038845F /* LevelObject.swift */,
				42F1F7781ADFA4F900731127 /* UserObject.swift */,
				426CDCD71A54D74F006A19A6 /* MelodyObject.swift */,
				42A67D3C1A52DCE50094808D /* GameScene.sks */,
				42A67D401A52DCE60094808D /* MainMenu.xib */,
				42A67D361A52DCE50094808D /* Supporting Files */,
			);
			path = FinalProject;
			sourceTree = "<group>";
		};
		42A67D361A52DCE50094808D /* Supporting Files */ = {
			isa = PBXGroup;
			children = (
				426CDCDB1A557588006A19A6 /* Images.xcassets */,
				42A67D371A52DCE50094808D /* Info.plist */,
			);
			name = "Supporting Files";
			sourceTree = "<group>";
		};
		42A67D4A1A52DCE60094808D /* FinalProjectTests */ = {
			isa = PBXGroup;
			children = (
				42A67D4D1A52DCE60094808D /* FinalProjectTests.swift */,
				42A67D4B1A52DCE60094808D /* Supporting Files */,
			);
			path = FinalProjectTests;
			sourceTree = "<group>";
		};
		42A67D4B1A52DCE60094808D /* Supporting Files */ = {
			isa = PBXGroup;
			children = (
				42A67D4C1A52DCE60094808D /* Info.plist */,
			);
			name = "Supporting Files";
			sourceTree = "<group>";
		};
		42F1F78C1ADFF28000731127 /* Models */ = {
			isa = PBXGroup;
			children = (
				42F1F7A11ADFFBA000731127 /* Level.swift */,
				42F1F79F1ADFFBA000731127 /* Mood.swift */,
				42F1F79D1ADFFBA000731127 /* Melody.swift */,
				42F1F79B1ADFFB9F00731127 /* User.swift */,
			);
			name = Models;
			sourceTree = "<group>";
		};
/* End PBXGroup section */

/* Begin PBXNativeTarget section */
		42A67D321A52DCE50094808D /* FinalProject */ = {
			isa = PBXNativeTarget;
			buildConfigurationList = 42A67D511A52DCE60094808D /* Build configuration list for PBXNativeTarget "FinalProject" */;
			buildPhases = (
				42A67D2F1A52DCE50094808D /* Sources */,
				42A67D301A52DCE50094808D /* Frameworks */,
				42A67D311A52DCE50094808D /* Resources */,
				42BED63A1ADD48E900E6F32E /* CopyFiles */,
			);
			buildRules = (
			);
			dependencies = (
			);
			name = FinalProject;
			productName = FinalProject;
			productReference = 42A67D331A52DCE50094808D /* FinalProject.app */;
			productType = "com.apple.product-type.application";
		};
		42A67D461A52DCE60094808D /* FinalProjectTests */ = {
			isa = PBXNativeTarget;
			buildConfigurationList = 42A67D541A52DCE60094808D /* Build configuration list for PBXNativeTarget "FinalProjectTests" */;
			buildPhases = (
				42A67D431A52DCE60094808D /* Sources */,
				42A67D441A52DCE60094808D /* Frameworks */,
				42A67D451A52DCE60094808D /* Resources */,
			);
			buildRules = (
			);
			dependencies = (
				42A67D491A52DCE60094808D /* PBXTargetDependency */,
			);
			name = FinalProjectTests;
			productName = FinalProjectTests;
			productReference = 42A67D471A52DCE60094808D /* FinalProjectTests.xctest */;
			productType = "com.apple.product-type.bundle.unit-test";
		};
/* End PBXNativeTarget section */

/* Begin PBXProject section */
		42A67D2B1A52DCE50094808D /* Project object */ = {
			isa = PBXProject;
			attributes = {
				LastUpgradeCheck = 0610;
				ORGANIZATIONNAME = "Paulina Koch";
				TargetAttributes = {
					42A67D321A52DCE50094808D = {
						CreatedOnToolsVersion = 6.1.1;
					};
					42A67D461A52DCE60094808D = {
						CreatedOnToolsVersion = 6.1.1;
						TestTargetID = 42A67D321A52DCE50094808D;
					};
				};
			};
			buildConfigurationList = 42A67D2E1A52DCE50094808D /* Build configuration list for PBXProject "FinalProject" */;
			compatibilityVersion = "Xcode 3.2";
			developmentRegion = English;
			hasScannedForEncodings = 0;
			knownRegions = (
				en,
				Base,
			);
			mainGroup = 42A67D2A1A52DCE50094808D;
			productRefGroup = 42A67D341A52DCE50094808D /* Products */;
			projectDirPath = "";
			projectRoot = "";
			targets = (
				42A67D321A52DCE50094808D /* FinalProject */,
				42A67D461A52DCE60094808D /* FinalProjectTests */,
			);
		};
/* End PBXProject section */

/* Begin PBXResourcesBuildPhase section */
		42A67D311A52DCE50094808D /* Resources */ = {
			isa = PBXResourcesBuildPhase;
			buildActionMask = 2147483647;
			files = (
				42016A471AE02BED0046FC15 /* MainMenu.xib in Resources */,
				426CDCDC1A557588006A19A6 /* Images.xcassets in Resources */,
				42A67D3D1A52DCE50094808D /* GameScene.sks in Resources */,
			);
			runOnlyForDeploymentPostprocessing = 0;
		};
		42A67D451A52DCE60094808D /* Resources */ = {
			isa = PBXResourcesBuildPhase;
			buildActionMask = 2147483647;
			files = (
			);
			runOnlyForDeploymentPostprocessing = 0;
		};
/* End PBXResourcesBuildPhase section */

/* Begin PBXSourcesBuildPhase section */
		42A67D2F1A52DCE50094808D /* Sources */ = {
			isa = PBXSourcesBuildPhase;
			buildActionMask = 2147483647;
			files = (
				42F1F7A21ADFFBA000731127 /* Level.swift in Sources */,
				425D5B461A54D5D500B2230B /* ButtonColour.swift in Sources */,
				426CDCD81A54D74F006A19A6 /* MelodyObject.swift in Sources */,
				42A67D3B1A52DCE50094808D /* GameScene.swift in Sources */,
				42A67D391A52DCE50094808D /* AppDelegate.swift in Sources */,
				42F1F7A01ADFFBA000731127 /* Mood.swift in Sources */,
				426CDCDA1A54D7B3006A19A6 /* MusicButton.swift in Sources */,
				42F1F77E1ADFB98E00731127 /* FinalProject.xcdatamodeld in Sources */,
				42016A881AE19B500046FC15 /* MenuController.swift in Sources */,
				42F1F7791ADFA4F900731127 /* UserObject.swift in Sources */,
				42F1F79C1ADFFB9F00731127 /* User.swift in Sources */,
				42EBB4D51A54AB980038845F /* LevelObject.swift in Sources */,
				42F1F79E1ADFFBA000731127 /* Melody.swift in Sources */,
			);
			runOnlyForDeploymentPostprocessing = 0;
		};
		42A67D431A52DCE60094808D /* Sources */ = {
			isa = PBXSourcesBuildPhase;
			buildActionMask = 2147483647;
			files = (
				42A67D4E1A52DCE60094808D /* FinalProjectTests.swift in Sources */,
			);
			runOnlyForDeploymentPostprocessing = 0;
		};
/* End PBXSourcesBuildPhase section */

/* Begin PBXTargetDependency section */
		42A67D491A52DCE60094808D /* PBXTargetDependency */ = {
			isa = PBXTargetDependency;
			target = 42A67D321A52DCE50094808D /* FinalProject */;
			targetProxy = 42A67D481A52DCE60094808D /* PBXContainerItemProxy */;
		};
/* End PBXTargetDependency section */

/* Begin PBXVariantGroup section */
		42A67D401A52DCE60094808D /* MainMenu.xib */ = {
			isa = PBXVariantGroup;
			children = (
				42A67D411A52DCE60094808D /* Base */,
			);
			name = MainMenu.xib;
			sourceTree = "<group>";
		};
/* End PBXVariantGroup section */

/* Begin XCBuildConfiguration section */
		42A67D4F1A52DCE60094808D /* Debug */ = {
			isa = XCBuildConfiguration;
			buildSettings = {
				ALWAYS_SEARCH_USER_PATHS = NO;
				CLANG_CXX_LANGUAGE_STANDARD = "gnu++0x";
				CLANG_CXX_LIBRARY = "libc++";
				CLANG_ENABLE_MODULES = YES;
				CLANG_ENABLE_OBJC_ARC = YES;
				CLANG_WARN_BOOL_CONVERSION = YES;
				CLANG_WARN_CONSTANT_CONVERSION = YES;
				CLANG_WARN_DIRECT_OBJC_ISA_USAGE = YES_ERROR;
				CLANG_WARN_EMPTY_BODY = YES;
				CLANG_WARN_ENUM_CONVERSION = YES;
				CLANG_WARN_INT_CONVERSION = YES;
				CLANG_WARN_OBJC_ROOT_CLASS = YES_ERROR;
				CLANG_WARN_UNREACHABLE_CODE = YES;
				CLANG_WARN__DUPLICATE_METHOD_MATCH = YES;
				CODE_SIGN_IDENTITY = "-";
				COPY_PHASE_STRIP = NO;
				ENABLE_STRICT_OBJC_MSGSEND = YES;
				GCC_C_LANGUAGE_STANDARD = gnu99;
				GCC_DYNAMIC_NO_PIC = NO;
				GCC_OPTIMIZATION_LEVEL = 0;
				GCC_PREPROCESSOR_DEFINITIONS = (
					"DEBUG=1",
					"$(inherited)",
				);
				GCC_SYMBOLS_PRIVATE_EXTERN = NO;
				GCC_WARN_64_TO_32_BIT_CONVERSION = YES;
				GCC_WARN_ABOUT_RETURN_TYPE = YES_ERROR;
				GCC_WARN_UNDECLARED_SELECTOR = YES;
				GCC_WARN_UNINITIALIZED_AUTOS = YES_AGGRESSIVE;
				GCC_WARN_UNUSED_FUNCTION = YES;
				GCC_WARN_UNUSED_VARIABLE = YES;
				MACOSX_DEPLOYMENT_TARGET = 10.10;
				MTL_ENABLE_DEBUG_INFO = YES;
				ONLY_ACTIVE_ARCH = YES;
				SDKROOT = macosx;
				SWIFT_OPTIMIZATION_LEVEL = "-Onone";
			};
			name = Debug;
		};
		42A67D501A52DCE60094808D /* Release */ = {
			isa = XCBuildConfiguration;
			buildSettings = {
				ALWAYS_SEARCH_USER_PATHS = NO;
				CLANG_CXX_LANGUAGE_STANDARD = "gnu++0x";
				CLANG_CXX_LIBRARY = "libc++";
				CLANG_ENABLE_MODULES = YES;
				CLANG_ENABLE_OBJC_ARC = YES;
				CLANG_WARN_BOOL_CONVERSION = YES;
				CLANG_WARN_CONSTANT_CONVERSION = YES;
				CLANG_WARN_DIRECT_OBJC_ISA_USAGE = YES_ERROR;
				CLANG_WARN_EMPTY_BODY = YES;
				CLANG_WARN_ENUM_CONVERSION = YES;
				CLANG_WARN_INT_CONVERSION = YES;
				CLANG_WARN_OBJC_ROOT_CLASS = YES_ERROR;
				CLANG_WARN_UNREACHABLE_CODE = YES;
				CLANG_WARN__DUPLICATE_METHOD_MATCH = YES;
				CODE_SIGN_IDENTITY = "-";
				COPY_PHASE_STRIP = YES;
				DEBUG_INFORMATION_FORMAT = "dwarf-with-dsym";
				ENABLE_NS_ASSERTIONS = NO;
				ENABLE_STRICT_OBJC_MSGSEND = YES;
				GCC_C_LANGUAGE_STANDARD = gnu99;
				GCC_WARN_64_TO_32_BIT_CONVERSION = YES;
				GCC_WARN_ABOUT_RETURN_TYPE = YES_ERROR;
				GCC_WARN_UNDECLARED_SELECTOR = YES;
				GCC_WARN_UNINITIALIZED_AUTOS = YES_AGGRESSIVE;
				GCC_WARN_UNUSED_FUNCTION = YES;
				GCC_WARN_UNUSED_VARIABLE = YES;
				MACOSX_DEPLOYMENT_TARGET = 10.10;
				MTL_ENABLE_DEBUG_INFO = NO;
				SDKROOT = macosx;
			};
			name = Release;
		};
		42A67D521A52DCE60094808D /* Debug */ = {
			isa = XCBuildConfiguration;
			buildSettings = {
				ASSETCATALOG_COMPILER_APPICON_NAME = AppIcon;
				COMBINE_HIDPI_IMAGES = YES;
				INFOPLIST_FILE = FinalProject/Info.plist;
				LD_RUNPATH_SEARCH_PATHS = "$(inherited) @executable_path/../Frameworks";
				LIBRARY_SEARCH_PATHS = (
					"$(inherited)",
					"$(PROJECT_DIR)/FinalProject/yaml-swift.swift/build",
				);
				PRODUCT_NAME = "$(TARGET_NAME)";
				SWIFT_INCLUDE_PATHS = "/Users/paulinakoch/Documents/Year 4/Project/FinalProject/FinalProject/yaml-swift.swift\n/Users/paulinakoch/Documents/Year 4/Project/FinalProject/FinalProject/yaml-swift.swift\n/Users/paulinakoch/Documents/Year 4/Project/FinalProject/FinalProject/yaml-swift.swift/build/";
			};
			name = Debug;
		};
		42A67D531A52DCE60094808D /* Release */ = {
			isa = XCBuildConfiguration;
			buildSettings = {
				ASSETCATALOG_COMPILER_APPICON_NAME = AppIcon;
				COMBINE_HIDPI_IMAGES = YES;
				INFOPLIST_FILE = FinalProject/Info.plist;
				LD_RUNPATH_SEARCH_PATHS = "$(inherited) @executable_path/../Frameworks";
				LIBRARY_SEARCH_PATHS = (
					"$(inherited)",
					"$(PROJECT_DIR)/FinalProject/yaml-swift.swift/build",
				);
				PRODUCT_NAME = "$(TARGET_NAME)";
				SWIFT_INCLUDE_PATHS = "/Users/paulinakoch/Documents/Year 4/Project/FinalProject/FinalProject/yaml-swift.swift\n/Users/paulinakoch/Documents/Year 4/Project/FinalProject/FinalProject/yaml-swift.swift\n/Users/paulinakoch/Documents/Year 4/Project/FinalProject/FinalProject/yaml-swift.swift/build/";
			};
			name = Release;
		};
		42A67D551A52DCE60094808D /* Debug */ = {
			isa = XCBuildConfiguration;
			buildSettings = {
				BUNDLE_LOADER = "$(TEST_HOST)";
				COMBINE_HIDPI_IMAGES = YES;
				FRAMEWORK_SEARCH_PATHS = (
					"$(DEVELOPER_FRAMEWORKS_DIR)",
					"$(inherited)",
				);
				GCC_PREPROCESSOR_DEFINITIONS = (
					"DEBUG=1",
					"$(inherited)",
				);
				INFOPLIST_FILE = FinalProjectTests/Info.plist;
				LD_RUNPATH_SEARCH_PATHS = "$(inherited) @executable_path/../Frameworks @loader_path/../Frameworks";
				PRODUCT_NAME = "$(TARGET_NAME)";
				TEST_HOST = "$(BUILT_PRODUCTS_DIR)/FinalProject.app/Contents/MacOS/FinalProject";
			};
			name = Debug;
		};
		42A67D561A52DCE60094808D /* Release */ = {
			isa = XCBuildConfiguration;
			buildSettings = {
				BUNDLE_LOADER = "$(TEST_HOST)";
				COMBINE_HIDPI_IMAGES = YES;
				FRAMEWORK_SEARCH_PATHS = (
					"$(DEVELOPER_FRAMEWORKS_DIR)",
					"$(inherited)",
				);
				INFOPLIST_FILE = FinalProjectTests/Info.plist;
				LD_RUNPATH_SEARCH_PATHS = "$(inherited) @executable_path/../Frameworks @loader_path/../Frameworks";
				PRODUCT_NAME = "$(TARGET_NAME)";
				TEST_HOST = "$(BUILT_PRODUCTS_DIR)/FinalProject.app/Contents/MacOS/FinalProject";
			};
			name = Release;
		};
/* End XCBuildConfiguration section */

/* Begin XCConfigurationList section */
		42A67D2E1A52DCE50094808D /* Build configuration list for PBXProject "FinalProject" */ = {
			isa = XCConfigurationList;
			buildConfigurations = (
				42A67D4F1A52DCE60094808D /* Debug */,
				42A67D501A52DCE60094808D /* Release */,
			);
			defaultConfigurationIsVisible = 0;
			defaultConfigurationName = Release;
		};
		42A67D511A52DCE60094808D /* Build configuration list for PBXNativeTarget "FinalProject" */ = {
			isa = XCConfigurationList;
			buildConfigurations = (
				42A67D521A52DCE60094808D /* Debug */,
				42A67D531A52DCE60094808D /* Release */,
			);
			defaultConfigurationIsVisible = 0;
			defaultConfigurationName = Release;
		};
		42A67D541A52DCE60094808D /* Build configuration list for PBXNativeTarget "FinalProjectTests" */ = {
			isa = XCConfigurationList;
			buildConfigurations = (
				42A67D551A52DCE60094808D /* Debug */,
				42A67D561A52DCE60094808D /* Release */,
			);
			defaultConfigurationIsVisible = 0;
			defaultConfigurationName = Release;
		};
/* End XCConfigurationList section */

/* Begin XCVersionGroup section */
		42F1F77A1ADFB98D00731127 /* FinalProject.xcdatamodeld */ = {
			isa = XCVersionGroup;
			children = (
				42F1F77B1ADFB98D00731127 /* FinalProject.xcdatamodel */,
			);
			currentVersion = 42F1F77B1ADFB98D00731127 /* FinalProject.xcdatamodel */;
			path = FinalProject.xcdatamodeld;
			sourceTree = "<group>";
			versionGroupType = wrapper.xcdatamodel;
		};
/* End XCVersionGroup section */
	};
	rootObject = 42A67D2B1A52DCE50094808D /* Project object */;
}
